// !$*UTF8*$!
{
	archiveVersion = 1;
	classes = {
	};
	objectVersion = 56;
	objects = {

/* Begin PBXBuildFile section */
		0D032E652CB5CE3D009E3E4F /* BookView.swift in Sources */ = {isa = PBXBuildFile; fileRef = 0D032E642CB5CE3D009E3E4F /* BookView.swift */; };
		0D032E672CB5CE56009E3E4F /* DerechosView.swift in Sources */ = {isa = PBXBuildFile; fileRef = 0D032E662CB5CE56009E3E4F /* DerechosView.swift */; };
		0D032E692CB5CE61009E3E4F /* LanguageSwitcher.swift in Sources */ = {isa = PBXBuildFile; fileRef = 0D032E682CB5CE61009E3E4F /* LanguageSwitcher.swift */; };
		0D134F6C2C8F9C6B004A79B8 /* TraductorView.swift in Sources */ = {isa = PBXBuildFile; fileRef = 0D134F6B2C8F9C6B004A79B8 /* TraductorView.swift */; };
		0D136D732C8127270066E64E /* ProjectMamApp.swift in Sources */ = {isa = PBXBuildFile; fileRef = 0D136D722C8127270066E64E /* ProjectMamApp.swift */; };
		0D136D752C8127270066E64E /* ContentView.swift in Sources */ = {isa = PBXBuildFile; fileRef = 0D136D742C8127270066E64E /* ContentView.swift */; };
		0D136D772C8127280066E64E /* Assets.xcassets in Resources */ = {isa = PBXBuildFile; fileRef = 0D136D762C8127280066E64E /* Assets.xcassets */; };
		0D136D7A2C8127280066E64E /* Preview Assets.xcassets in Resources */ = {isa = PBXBuildFile; fileRef = 0D136D792C8127280066E64E /* Preview Assets.xcassets */; };
		0D136D842C8127280066E64E /* ProjectMamTests.swift in Sources */ = {isa = PBXBuildFile; fileRef = 0D136D832C8127280066E64E /* ProjectMamTests.swift */; };
		0D136D8E2C8127280066E64E /* ProjectMamUITests.swift in Sources */ = {isa = PBXBuildFile; fileRef = 0D136D8D2C8127280066E64E /* ProjectMamUITests.swift */; };
		0D136D902C8127280066E64E /* ProjectMamUITestsLaunchTests.swift in Sources */ = {isa = PBXBuildFile; fileRef = 0D136D8F2C8127280066E64E /* ProjectMamUITestsLaunchTests.swift */; };
		0D136D9D2C8127DC0066E64E /* VistaSelector.swift in Sources */ = {isa = PBXBuildFile; fileRef = 0D136D9C2C8127DC0066E64E /* VistaSelector.swift */; };
		0D17BB2B2CB46F9C00761191 /* MusicaView.swift in Sources */ = {isa = PBXBuildFile; fileRef = 0D17BB292CB46F9C00761191 /* MusicaView.swift */; };
		0D17BB2C2CB46F9C00761191 /* FelicitacionView.swift in Sources */ = {isa = PBXBuildFile; fileRef = 0D17BB262CB46F9C00761191 /* FelicitacionView.swift */; };
		0D17BB2D2CB46F9C00761191 /* FrasesView.swift in Sources */ = {isa = PBXBuildFile; fileRef = 0D17BB272CB46F9C00761191 /* FrasesView.swift */; };
		0D17BB2E2CB46F9C00761191 /* ArquitecturaView.swift in Sources */ = {isa = PBXBuildFile; fileRef = 0D17BB252CB46F9C00761191 /* ArquitecturaView.swift */; };
		0D17BB2F2CB46F9C00761191 /* VestimentaView.swift in Sources */ = {isa = PBXBuildFile; fileRef = 0D17BB2A2CB46F9C00761191 /* VestimentaView.swift */; };
		0D17BB302CB46F9C00761191 /* AbecedarioView.swift in Sources */ = {isa = PBXBuildFile; fileRef = 0D17BB242CB46F9C00761191 /* AbecedarioView.swift */; };
		0D17BB312CB46F9C00761191 /* JuegosView.swift in Sources */ = {isa = PBXBuildFile; fileRef = 0D17BB282CB46F9C00761191 /* JuegosView.swift */; };
		0D583F842C8BACE3009B58E7 /* CulturaView.swift in Sources */ = {isa = PBXBuildFile; fileRef = 0D583F832C8BACE3009B58E7 /* CulturaView.swift */; };
		0D80397C2C87A6DD00BAFA32 /* InicioView.swift in Sources */ = {isa = PBXBuildFile; fileRef = 0D80397B2C87A6DD00BAFA32 /* InicioView.swift */; };
		0DC125E02C920DDF001F5D37 /* TranslationService.swift in Sources */ = {isa = PBXBuildFile; fileRef = 0DC125DF2C920DDF001F5D37 /* TranslationService.swift */; };
		0DC125E22C920F93001F5D37 /* translations.json in Resources */ = {isa = PBXBuildFile; fileRef = 0DC125E12C920F93001F5D37 /* translations.json */; };
		0DFACDC22C8A335200DA9269 /* en.json in Resources */ = {isa = PBXBuildFile; fileRef = 0DFACDC12C8A335200DA9269 /* en.json */; };
		0DFACDC42C8A336300DA9269 /* es.json in Resources */ = {isa = PBXBuildFile; fileRef = 0DFACDC32C8A336300DA9269 /* es.json */; };
		0DFACDC62C8A337100DA9269 /* mam.json in Resources */ = {isa = PBXBuildFile; fileRef = 0DFACDC52C8A337100DA9269 /* mam.json */; };
		0DFACDC82C8A33A600DA9269 /* LanguageManager.swift in Sources */ = {isa = PBXBuildFile; fileRef = 0DFACDC72C8A33A600DA9269 /* LanguageManager.swift */; };
		0DFEDC952C920A2B00EF63DB /* AbecedarioView.swift in Sources */ = {isa = PBXBuildFile; fileRef = 0DFEDC942C920A2B00EF63DB /* AbecedarioView.swift */; };
		0DFEDC972C920AB100EF63DB /* DiccionarioView.swift in Sources */ = {isa = PBXBuildFile; fileRef = 0DFEDC962C920AB100EF63DB /* DiccionarioView.swift */; };
		0DFEDC992C920B4C00EF63DB /* FrasesView.swift in Sources */ = {isa = PBXBuildFile; fileRef = 0DFEDC982C920B4C00EF63DB /* FrasesView.swift */; };
		0DFEDC9B2C920B7100EF63DB /* GastroView.swift in Sources */ = {isa = PBXBuildFile; fileRef = 0DFEDC9A2C920B7100EF63DB /* GastroView.swift */; };
		0DFEDC9D2C920BA800EF63DB /* LeccionView.swift in Sources */ = {isa = PBXBuildFile; fileRef = 0DFEDC9C2C920BA800EF63DB /* LeccionView.swift */; };
		0DFEDC9F2C920BE100EF63DB /* PalabrasView.swift in Sources */ = {isa = PBXBuildFile; fileRef = 0DFEDC9E2C920BE100EF63DB /* PalabrasView.swift */; };
		0DFEDCA12C920C1100EF63DB /* TradicionesView.swift in Sources */ = {isa = PBXBuildFile; fileRef = 0DFEDCA02C920C1100EF63DB /* TradicionesView.swift */; };
/* End PBXBuildFile section */

/* Begin PBXContainerItemProxy section */
		0D136D802C8127280066E64E /* PBXContainerItemProxy */ = {
			isa = PBXContainerItemProxy;
			containerPortal = 0D136D672C8127270066E64E /* Project object */;
			proxyType = 1;
			remoteGlobalIDString = 0D136D6E2C8127270066E64E;
			remoteInfo = ProjectMam;
		};
		0D136D8A2C8127280066E64E /* PBXContainerItemProxy */ = {
			isa = PBXContainerItemProxy;
			containerPortal = 0D136D672C8127270066E64E /* Project object */;
			proxyType = 1;
			remoteGlobalIDString = 0D136D6E2C8127270066E64E;
			remoteInfo = ProjectMam;
		};
/* End PBXContainerItemProxy section */

/* Begin PBXFileReference section */
		0D032E642CB5CE3D009E3E4F /* BookView.swift */ = {isa = PBXFileReference; lastKnownFileType = sourcecode.swift; path = BookView.swift; sourceTree = "<group>"; };
		0D032E662CB5CE56009E3E4F /* DerechosView.swift */ = {isa = PBXFileReference; lastKnownFileType = sourcecode.swift; path = DerechosView.swift; sourceTree = "<group>"; };
		0D032E682CB5CE61009E3E4F /* LanguageSwitcher.swift */ = {isa = PBXFileReference; lastKnownFileType = sourcecode.swift; path = LanguageSwitcher.swift; sourceTree = "<group>"; };
		0D134F6B2C8F9C6B004A79B8 /* TraductorView.swift */ = {isa = PBXFileReference; lastKnownFileType = sourcecode.swift; path = TraductorView.swift; sourceTree = "<group>"; };
		0D136D6F2C8127270066E64E /* ProjectMam.app */ = {isa = PBXFileReference; explicitFileType = wrapper.application; includeInIndex = 0; path = ProjectMam.app; sourceTree = BUILT_PRODUCTS_DIR; };
		0D136D722C8127270066E64E /* ProjectMamApp.swift */ = {isa = PBXFileReference; lastKnownFileType = sourcecode.swift; path = ProjectMamApp.swift; sourceTree = "<group>"; };
		0D136D742C8127270066E64E /* ContentView.swift */ = {isa = PBXFileReference; lastKnownFileType = sourcecode.swift; path = ContentView.swift; sourceTree = "<group>"; };
		0D136D762C8127280066E64E /* Assets.xcassets */ = {isa = PBXFileReference; lastKnownFileType = folder.assetcatalog; path = Assets.xcassets; sourceTree = "<group>"; };
		0D136D792C8127280066E64E /* Preview Assets.xcassets */ = {isa = PBXFileReference; lastKnownFileType = folder.assetcatalog; path = "Preview Assets.xcassets"; sourceTree = "<group>"; };
		0D136D7F2C8127280066E64E /* ProjectMamTests.xctest */ = {isa = PBXFileReference; explicitFileType = wrapper.cfbundle; includeInIndex = 0; path = ProjectMamTests.xctest; sourceTree = BUILT_PRODUCTS_DIR; };
		0D136D832C8127280066E64E /* ProjectMamTests.swift */ = {isa = PBXFileReference; lastKnownFileType = sourcecode.swift; path = ProjectMamTests.swift; sourceTree = "<group>"; };
		0D136D892C8127280066E64E /* ProjectMamUITests.xctest */ = {isa = PBXFileReference; explicitFileType = wrapper.cfbundle; includeInIndex = 0; path = ProjectMamUITests.xctest; sourceTree = BUILT_PRODUCTS_DIR; };
		0D136D8D2C8127280066E64E /* ProjectMamUITests.swift */ = {isa = PBXFileReference; lastKnownFileType = sourcecode.swift; path = ProjectMamUITests.swift; sourceTree = "<group>"; };
		0D136D8F2C8127280066E64E /* ProjectMamUITestsLaunchTests.swift */ = {isa = PBXFileReference; lastKnownFileType = sourcecode.swift; path = ProjectMamUITestsLaunchTests.swift; sourceTree = "<group>"; };
		0D136D9C2C8127DC0066E64E /* VistaSelector.swift */ = {isa = PBXFileReference; lastKnownFileType = sourcecode.swift; path = VistaSelector.swift; sourceTree = "<group>"; };
		0D17BB242CB46F9C00761191 /* AbecedarioView.swift */ = {isa = PBXFileReference; lastKnownFileType = sourcecode.swift; path = AbecedarioView.swift; sourceTree = "<group>"; };
		0D17BB252CB46F9C00761191 /* ArquitecturaView.swift */ = {isa = PBXFileReference; lastKnownFileType = sourcecode.swift; path = ArquitecturaView.swift; sourceTree = "<group>"; };
		0D17BB262CB46F9C00761191 /* FelicitacionView.swift */ = {isa = PBXFileReference; lastKnownFileType = sourcecode.swift; path = FelicitacionView.swift; sourceTree = "<group>"; };
		0D17BB272CB46F9C00761191 /* FrasesView.swift */ = {isa = PBXFileReference; lastKnownFileType = sourcecode.swift; path = FrasesView.swift; sourceTree = "<group>"; };
		0D17BB282CB46F9C00761191 /* JuegosView.swift */ = {isa = PBXFileReference; lastKnownFileType = sourcecode.swift; path = JuegosView.swift; sourceTree = "<group>"; };
		0D17BB292CB46F9C00761191 /* MusicaView.swift */ = {isa = PBXFileReference; lastKnownFileType = sourcecode.swift; path = MusicaView.swift; sourceTree = "<group>"; };
		0D17BB2A2CB46F9C00761191 /* VestimentaView.swift */ = {isa = PBXFileReference; lastKnownFileType = sourcecode.swift; path = VestimentaView.swift; sourceTree = "<group>"; };
		0D583F832C8BACE3009B58E7 /* CulturaView.swift */ = {isa = PBXFileReference; lastKnownFileType = sourcecode.swift; path = CulturaView.swift; sourceTree = "<group>"; };
		0D80397B2C87A6DD00BAFA32 /* InicioView.swift */ = {isa = PBXFileReference; lastKnownFileType = sourcecode.swift; path = InicioView.swift; sourceTree = "<group>"; };
		0DC125DF2C920DDF001F5D37 /* TranslationService.swift */ = {isa = PBXFileReference; lastKnownFileType = sourcecode.swift; path = TranslationService.swift; sourceTree = "<group>"; };
		0DC125E12C920F93001F5D37 /* translations.json */ = {isa = PBXFileReference; fileEncoding = 4; lastKnownFileType = text.json; path = translations.json; sourceTree = "<group>"; };
		0DFACDC12C8A335200DA9269 /* en.json */ = {isa = PBXFileReference; fileEncoding = 4; lastKnownFileType = text.json; path = en.json; sourceTree = "<group>"; };
		0DFACDC32C8A336300DA9269 /* es.json */ = {isa = PBXFileReference; fileEncoding = 4; lastKnownFileType = text.json; path = es.json; sourceTree = "<group>"; };
		0DFACDC52C8A337100DA9269 /* mam.json */ = {isa = PBXFileReference; fileEncoding = 4; lastKnownFileType = text.json; path = mam.json; sourceTree = "<group>"; };
		0DFACDC72C8A33A600DA9269 /* LanguageManager.swift */ = {isa = PBXFileReference; lastKnownFileType = sourcecode.swift; path = LanguageManager.swift; sourceTree = "<group>"; };
		0DFEDC942C920A2B00EF63DB /* AbecedarioView.swift */ = {isa = PBXFileReference; lastKnownFileType = sourcecode.swift; path = AbecedarioView.swift; sourceTree = "<group>"; };
		0DFEDC962C920AB100EF63DB /* DiccionarioView.swift */ = {isa = PBXFileReference; lastKnownFileType = sourcecode.swift; path = DiccionarioView.swift; sourceTree = "<group>"; };
		0DFEDC982C920B4C00EF63DB /* FrasesView.swift */ = {isa = PBXFileReference; lastKnownFileType = sourcecode.swift; path = FrasesView.swift; sourceTree = "<group>"; };
		0DFEDC9A2C920B7100EF63DB /* GastroView.swift */ = {isa = PBXFileReference; lastKnownFileType = sourcecode.swift; path = GastroView.swift; sourceTree = "<group>"; };
		0DFEDC9C2C920BA800EF63DB /* LeccionView.swift */ = {isa = PBXFileReference; lastKnownFileType = sourcecode.swift; path = LeccionView.swift; sourceTree = "<group>"; };
		0DFEDC9E2C920BE100EF63DB /* PalabrasView.swift */ = {isa = PBXFileReference; lastKnownFileType = sourcecode.swift; path = PalabrasView.swift; sourceTree = "<group>"; };
		0DFEDCA02C920C1100EF63DB /* TradicionesView.swift */ = {isa = PBXFileReference; lastKnownFileType = sourcecode.swift; path = TradicionesView.swift; sourceTree = "<group>"; };
/* End PBXFileReference section */

/* Begin PBXFrameworksBuildPhase section */
		0D136D6C2C8127270066E64E /* Frameworks */ = {
			isa = PBXFrameworksBuildPhase;
			buildActionMask = 2147483647;
			files = (
			);
			runOnlyForDeploymentPostprocessing = 0;
		};
		0D136D7C2C8127280066E64E /* Frameworks */ = {
			isa = PBXFrameworksBuildPhase;
			buildActionMask = 2147483647;
			files = (
			);
			runOnlyForDeploymentPostprocessing = 0;
		};
		0D136D862C8127280066E64E /* Frameworks */ = {
			isa = PBXFrameworksBuildPhase;
			buildActionMask = 2147483647;
			files = (
			);
			runOnlyForDeploymentPostprocessing = 0;
		};
/* End PBXFrameworksBuildPhase section */

/* Begin PBXGroup section */
		0D136D662C8127270066E64E = {
			isa = PBXGroup;
			children = (
				0D136D712C8127270066E64E /* ProjectMam */,
				0D136D822C8127280066E64E /* ProjectMamTests */,
				0D136D8C2C8127280066E64E /* ProjectMamUITests */,
				0D136D702C8127270066E64E /* Products */,
			);
			sourceTree = "<group>";
		};
		0D136D702C8127270066E64E /* Products */ = {
			isa = PBXGroup;
			children = (
				0D136D6F2C8127270066E64E /* ProjectMam.app */,
				0D136D7F2C8127280066E64E /* ProjectMamTests.xctest */,
				0D136D892C8127280066E64E /* ProjectMamUITests.xctest */,
			);
			name = Products;
			sourceTree = "<group>";
		};
		0D136D712C8127270066E64E /* ProjectMam */ = {
			isa = PBXGroup;
			children = (
				0DFACDBF2C8A2DE100DA9269 /* Localization */,
				0D136D722C8127270066E64E /* ProjectMamApp.swift */,
				0D136D742C8127270066E64E /* ContentView.swift */,
				0D136D762C8127280066E64E /* Assets.xcassets */,
				0D136D782C8127280066E64E /* Preview Content */,
				0D136D9C2C8127DC0066E64E /* VistaSelector.swift */,
				0D17BB242CB46F9C00761191 /* AbecedarioView.swift */,
				0D17BB252CB46F9C00761191 /* ArquitecturaView.swift */,
				0D032E662CB5CE56009E3E4F /* DerechosView.swift */,
				0D032E642CB5CE3D009E3E4F /* BookView.swift */,
				0D032E682CB5CE61009E3E4F /* LanguageSwitcher.swift */,
				0D17BB262CB46F9C00761191 /* FelicitacionView.swift */,
				0D17BB272CB46F9C00761191 /* FrasesView.swift */,
				0D17BB282CB46F9C00761191 /* JuegosView.swift */,
				0D17BB292CB46F9C00761191 /* MusicaView.swift */,
				0D17BB2A2CB46F9C00761191 /* VestimentaView.swift */,
				0D80397B2C87A6DD00BAFA32 /* InicioView.swift */,
				0DFACDC72C8A33A600DA9269 /* LanguageManager.swift */,
				0D583F832C8BACE3009B58E7 /* CulturaView.swift */,
				0D134F6B2C8F9C6B004A79B8 /* TraductorView.swift */,
				0DFEDC942C920A2B00EF63DB /* AbecedarioView.swift */,
				0DFEDC962C920AB100EF63DB /* DiccionarioView.swift */,
				0DFEDC982C920B4C00EF63DB /* FrasesView.swift */,
				0DFEDC9A2C920B7100EF63DB /* GastroView.swift */,
				0DFEDC9C2C920BA800EF63DB /* LeccionView.swift */,
				0DFEDC9E2C920BE100EF63DB /* PalabrasView.swift */,
				0DFEDCA02C920C1100EF63DB /* TradicionesView.swift */,
				0DC125DF2C920DDF001F5D37 /* TranslationService.swift */,
			);
			path = ProjectMam;
			sourceTree = "<group>";
		};
		0D136D782C8127280066E64E /* Preview Content */ = {
			isa = PBXGroup;
			children = (
				0D136D792C8127280066E64E /* Preview Assets.xcassets */,
			);
			path = "Preview Content";
			sourceTree = "<group>";
		};
		0D136D822C8127280066E64E /* ProjectMamTests */ = {
			isa = PBXGroup;
			children = (
				0D136D832C8127280066E64E /* ProjectMamTests.swift */,
			);
			path = ProjectMamTests;
			sourceTree = "<group>";
		};
		0D136D8C2C8127280066E64E /* ProjectMamUITests */ = {
			isa = PBXGroup;
			children = (
				0D136D8D2C8127280066E64E /* ProjectMamUITests.swift */,
				0D136D8F2C8127280066E64E /* ProjectMamUITestsLaunchTests.swift */,
			);
			path = ProjectMamUITests;
			sourceTree = "<group>";
		};
		0DFACDBF2C8A2DE100DA9269 /* Localization */ = {
			isa = PBXGroup;
			children = (
				0DC125E12C920F93001F5D37 /* translations.json */,
				0DFACDC52C8A337100DA9269 /* mam.json */,
				0DFACDC32C8A336300DA9269 /* es.json */,
				0DFACDC12C8A335200DA9269 /* en.json */,
			);
			path = Localization;
			sourceTree = "<group>";
		};
/* End PBXGroup section */

/* Begin PBXNativeTarget section */
		0D136D6E2C8127270066E64E /* ProjectMam */ = {
			isa = PBXNativeTarget;
			buildConfigurationList = 0D136D932C8127280066E64E /* Build configuration list for PBXNativeTarget "ProjectMam" */;
			buildPhases = (
				0D136D6B2C8127270066E64E /* Sources */,
				0D136D6C2C8127270066E64E /* Frameworks */,
				0D136D6D2C8127270066E64E /* Resources */,
			);
			buildRules = (
			);
			dependencies = (
			);
			name = ProjectMam;
			productName = ProjectMam;
			productReference = 0D136D6F2C8127270066E64E /* ProjectMam.app */;
			productType = "com.apple.product-type.application";
		};
		0D136D7E2C8127280066E64E /* ProjectMamTests */ = {
			isa = PBXNativeTarget;
			buildConfigurationList = 0D136D962C8127280066E64E /* Build configuration list for PBXNativeTarget "ProjectMamTests" */;
			buildPhases = (
				0D136D7B2C8127280066E64E /* Sources */,
				0D136D7C2C8127280066E64E /* Frameworks */,
				0D136D7D2C8127280066E64E /* Resources */,
			);
			buildRules = (
			);
			dependencies = (
				0D136D812C8127280066E64E /* PBXTargetDependency */,
			);
			name = ProjectMamTests;
			productName = ProjectMamTests;
			productReference = 0D136D7F2C8127280066E64E /* ProjectMamTests.xctest */;
			productType = "com.apple.product-type.bundle.unit-test";
		};
		0D136D882C8127280066E64E /* ProjectMamUITests */ = {
			isa = PBXNativeTarget;
			buildConfigurationList = 0D136D992C8127280066E64E /* Build configuration list for PBXNativeTarget "ProjectMamUITests" */;
			buildPhases = (
				0D136D852C8127280066E64E /* Sources */,
				0D136D862C8127280066E64E /* Frameworks */,
				0D136D872C8127280066E64E /* Resources */,
			);
			buildRules = (
			);
			dependencies = (
				0D136D8B2C8127280066E64E /* PBXTargetDependency */,
			);
			name = ProjectMamUITests;
			productName = ProjectMamUITests;
			productReference = 0D136D892C8127280066E64E /* ProjectMamUITests.xctest */;
			productType = "com.apple.product-type.bundle.ui-testing";
		};
/* End PBXNativeTarget section */

/* Begin PBXProject section */
		0D136D672C8127270066E64E /* Project object */ = {
			isa = PBXProject;
			attributes = {
				BuildIndependentTargetsInParallel = 1;
				LastSwiftUpdateCheck = 1540;
				LastUpgradeCheck = 1540;
				TargetAttributes = {
					0D136D6E2C8127270066E64E = {
						CreatedOnToolsVersion = 15.4;
					};
					0D136D7E2C8127280066E64E = {
						CreatedOnToolsVersion = 15.4;
						TestTargetID = 0D136D6E2C8127270066E64E;
					};
					0D136D882C8127280066E64E = {
						CreatedOnToolsVersion = 15.4;
						TestTargetID = 0D136D6E2C8127270066E64E;
					};
				};
			};
			buildConfigurationList = 0D136D6A2C8127270066E64E /* Build configuration list for PBXProject "ProjectMam" */;
			compatibilityVersion = "Xcode 14.0";
			developmentRegion = en;
			hasScannedForEncodings = 0;
			knownRegions = (
				en,
				Base,
			);
			mainGroup = 0D136D662C8127270066E64E;
			productRefGroup = 0D136D702C8127270066E64E /* Products */;
			projectDirPath = "";
			projectRoot = "";
			targets = (
				0D136D6E2C8127270066E64E /* ProjectMam */,
				0D136D7E2C8127280066E64E /* ProjectMamTests */,
				0D136D882C8127280066E64E /* ProjectMamUITests */,
			);
		};
/* End PBXProject section */

/* Begin PBXResourcesBuildPhase section */
		0D136D6D2C8127270066E64E /* Resources */ = {
			isa = PBXResourcesBuildPhase;
			buildActionMask = 2147483647;
			files = (
				0DFACDC22C8A335200DA9269 /* en.json in Resources */,
				0D136D7A2C8127280066E64E /* Preview Assets.xcassets in Resources */,
				0D136D772C8127280066E64E /* Assets.xcassets in Resources */,
				0DC125E22C920F93001F5D37 /* translations.json in Resources */,
				0DFACDC62C8A337100DA9269 /* mam.json in Resources */,
				0DFACDC42C8A336300DA9269 /* es.json in Resources */,
			);
			runOnlyForDeploymentPostprocessing = 0;
		};
		0D136D7D2C8127280066E64E /* Resources */ = {
			isa = PBXResourcesBuildPhase;
			buildActionMask = 2147483647;
			files = (
			);
			runOnlyForDeploymentPostprocessing = 0;
		};
		0D136D872C8127280066E64E /* Resources */ = {
			isa = PBXResourcesBuildPhase;
			buildActionMask = 2147483647;
			files = (
			);
			runOnlyForDeploymentPostprocessing = 0;
		};
/* End PBXResourcesBuildPhase section */

/* Begin PBXSourcesBuildPhase section */
		0D136D6B2C8127270066E64E /* Sources */ = {
			isa = PBXSourcesBuildPhase;
			buildActionMask = 2147483647;
			files = (
				0DFEDC9D2C920BA800EF63DB /* LeccionView.swift in Sources */,
				0D136D752C8127270066E64E /* ContentView.swift in Sources */,
				0DFEDCA12C920C1100EF63DB /* TradicionesView.swift in Sources */,
				0DFEDC952C920A2B00EF63DB /* AbecedarioView.swift in Sources */,
				0D17BB2B2CB46F9C00761191 /* MusicaView.swift in Sources */,
				0D032E692CB5CE61009E3E4F /* LanguageSwitcher.swift in Sources */,
				0D17BB2C2CB46F9C00761191 /* FelicitacionView.swift in Sources */,
				0D17BB2D2CB46F9C00761191 /* FrasesView.swift in Sources */,
				0D17BB2E2CB46F9C00761191 /* ArquitecturaView.swift in Sources */,
				0D17BB2F2CB46F9C00761191 /* VestimentaView.swift in Sources */,
				0D17BB302CB46F9C00761191 /* AbecedarioView.swift in Sources */,
				0D17BB312CB46F9C00761191 /* JuegosView.swift in Sources */,
				0D80397C2C87A6DD00BAFA32 /* InicioView.swift in Sources */,
				0DFEDC972C920AB100EF63DB /* DiccionarioView.swift in Sources */,
				0D032E652CB5CE3D009E3E4F /* BookView.swift in Sources */,
				0DFEDC9F2C920BE100EF63DB /* PalabrasView.swift in Sources */,
				0D136D9D2C8127DC0066E64E /* VistaSelector.swift in Sources */,
				0D134F6C2C8F9C6B004A79B8 /* TraductorView.swift in Sources */,
				0DFEDC992C920B4C00EF63DB /* FrasesView.swift in Sources */,
				0D583F842C8BACE3009B58E7 /* CulturaView.swift in Sources */,
				0DC125E02C920DDF001F5D37 /* TranslationService.swift in Sources */,
				0D136D732C8127270066E64E /* ProjectMamApp.swift in Sources */,
				0D032E672CB5CE56009E3E4F /* DerechosView.swift in Sources */,
				0DFEDC9B2C920B7100EF63DB /* GastroView.swift in Sources */,
				0DFACDC82C8A33A600DA9269 /* LanguageManager.swift in Sources */,
			);
			runOnlyForDeploymentPostprocessing = 0;
		};
		0D136D7B2C8127280066E64E /* Sources */ = {
			isa = PBXSourcesBuildPhase;
			buildActionMask = 2147483647;
			files = (
				0D136D842C8127280066E64E /* ProjectMamTests.swift in Sources */,
			);
			runOnlyForDeploymentPostprocessing = 0;
		};
		0D136D852C8127280066E64E /* Sources */ = {
			isa = PBXSourcesBuildPhase;
			buildActionMask = 2147483647;
			files = (
				0D136D902C8127280066E64E /* ProjectMamUITestsLaunchTests.swift in Sources */,
				0D136D8E2C8127280066E64E /* ProjectMamUITests.swift in Sources */,
			);
			runOnlyForDeploymentPostprocessing = 0;
		};
/* End PBXSourcesBuildPhase section */

/* Begin PBXTargetDependency section */
		0D136D812C8127280066E64E /* PBXTargetDependency */ = {
			isa = PBXTargetDependency;
			target = 0D136D6E2C8127270066E64E /* ProjectMam */;
			targetProxy = 0D136D802C8127280066E64E /* PBXContainerItemProxy */;
		};
		0D136D8B2C8127280066E64E /* PBXTargetDependency */ = {
			isa = PBXTargetDependency;
			target = 0D136D6E2C8127270066E64E /* ProjectMam */;
			targetProxy = 0D136D8A2C8127280066E64E /* PBXContainerItemProxy */;
		};
/* End PBXTargetDependency section */

/* Begin XCBuildConfiguration section */
		0D136D912C8127280066E64E /* Debug */ = {
			isa = XCBuildConfiguration;
			buildSettings = {
				ALWAYS_SEARCH_USER_PATHS = NO;
				ASSETCATALOG_COMPILER_GENERATE_SWIFT_ASSET_SYMBOL_EXTENSIONS = YES;
				CLANG_ANALYZER_NONNULL = YES;
				CLANG_ANALYZER_NUMBER_OBJECT_CONVERSION = YES_AGGRESSIVE;
				CLANG_CXX_LANGUAGE_STANDARD = "gnu++20";
				CLANG_ENABLE_MODULES = YES;
				CLANG_ENABLE_OBJC_ARC = YES;
				CLANG_ENABLE_OBJC_WEAK = YES;
				CLANG_WARN_BLOCK_CAPTURE_AUTORELEASING = YES;
				CLANG_WARN_BOOL_CONVERSION = YES;
				CLANG_WARN_COMMA = YES;
				CLANG_WARN_CONSTANT_CONVERSION = YES;
				CLANG_WARN_DEPRECATED_OBJC_IMPLEMENTATIONS = YES;
				CLANG_WARN_DIRECT_OBJC_ISA_USAGE = YES_ERROR;
				CLANG_WARN_DOCUMENTATION_COMMENTS = YES;
				CLANG_WARN_EMPTY_BODY = YES;
				CLANG_WARN_ENUM_CONVERSION = YES;
				CLANG_WARN_INFINITE_RECURSION = YES;
				CLANG_WARN_INT_CONVERSION = YES;
				CLANG_WARN_NON_LITERAL_NULL_CONVERSION = YES;
				CLANG_WARN_OBJC_IMPLICIT_RETAIN_SELF = YES;
				CLANG_WARN_OBJC_LITERAL_CONVERSION = YES;
				CLANG_WARN_OBJC_ROOT_CLASS = YES_ERROR;
				CLANG_WARN_QUOTED_INCLUDE_IN_FRAMEWORK_HEADER = YES;
				CLANG_WARN_RANGE_LOOP_ANALYSIS = YES;
				CLANG_WARN_STRICT_PROTOTYPES = YES;
				CLANG_WARN_SUSPICIOUS_MOVE = YES;
				CLANG_WARN_UNGUARDED_AVAILABILITY = YES_AGGRESSIVE;
				CLANG_WARN_UNREACHABLE_CODE = YES;
				CLANG_WARN__DUPLICATE_METHOD_MATCH = YES;
				COPY_PHASE_STRIP = NO;
				DEBUG_INFORMATION_FORMAT = dwarf;
				ENABLE_STRICT_OBJC_MSGSEND = YES;
				ENABLE_TESTABILITY = YES;
				ENABLE_USER_SCRIPT_SANDBOXING = YES;
				GCC_C_LANGUAGE_STANDARD = gnu17;
				GCC_DYNAMIC_NO_PIC = NO;
				GCC_NO_COMMON_BLOCKS = YES;
				GCC_OPTIMIZATION_LEVEL = 0;
				GCC_PREPROCESSOR_DEFINITIONS = (
					"DEBUG=1",
					"$(inherited)",
				);
				GCC_WARN_64_TO_32_BIT_CONVERSION = YES;
				GCC_WARN_ABOUT_RETURN_TYPE = YES_ERROR;
				GCC_WARN_UNDECLARED_SELECTOR = YES;
				GCC_WARN_UNINITIALIZED_AUTOS = YES_AGGRESSIVE;
				GCC_WARN_UNUSED_FUNCTION = YES;
				GCC_WARN_UNUSED_VARIABLE = YES;
				IPHONEOS_DEPLOYMENT_TARGET = 17.5;
				LOCALIZATION_PREFERS_STRING_CATALOGS = YES;
				MTL_ENABLE_DEBUG_INFO = INCLUDE_SOURCE;
				MTL_FAST_MATH = YES;
				ONLY_ACTIVE_ARCH = YES;
				SDKROOT = iphoneos;
				SWIFT_ACTIVE_COMPILATION_CONDITIONS = "DEBUG $(inherited)";
				SWIFT_OPTIMIZATION_LEVEL = "-Onone";
			};
			name = Debug;
		};
		0D136D922C8127280066E64E /* Release */ = {
			isa = XCBuildConfiguration;
			buildSettings = {
				ALWAYS_SEARCH_USER_PATHS = NO;
				ASSETCATALOG_COMPILER_GENERATE_SWIFT_ASSET_SYMBOL_EXTENSIONS = YES;
				CLANG_ANALYZER_NONNULL = YES;
				CLANG_ANALYZER_NUMBER_OBJECT_CONVERSION = YES_AGGRESSIVE;
				CLANG_CXX_LANGUAGE_STANDARD = "gnu++20";
				CLANG_ENABLE_MODULES = YES;
				CLANG_ENABLE_OBJC_ARC = YES;
				CLANG_ENABLE_OBJC_WEAK = YES;
				CLANG_WARN_BLOCK_CAPTURE_AUTORELEASING = YES;
				CLANG_WARN_BOOL_CONVERSION = YES;
				CLANG_WARN_COMMA = YES;
				CLANG_WARN_CONSTANT_CONVERSION = YES;
				CLANG_WARN_DEPRECATED_OBJC_IMPLEMENTATIONS = YES;
				CLANG_WARN_DIRECT_OBJC_ISA_USAGE = YES_ERROR;
				CLANG_WARN_DOCUMENTATION_COMMENTS = YES;
				CLANG_WARN_EMPTY_BODY = YES;
				CLANG_WARN_ENUM_CONVERSION = YES;
				CLANG_WARN_INFINITE_RECURSION = YES;
				CLANG_WARN_INT_CONVERSION = YES;
				CLANG_WARN_NON_LITERAL_NULL_CONVERSION = YES;
				CLANG_WARN_OBJC_IMPLICIT_RETAIN_SELF = YES;
				CLANG_WARN_OBJC_LITERAL_CONVERSION = YES;
				CLANG_WARN_OBJC_ROOT_CLASS = YES_ERROR;
				CLANG_WARN_QUOTED_INCLUDE_IN_FRAMEWORK_HEADER = YES;
				CLANG_WARN_RANGE_LOOP_ANALYSIS = YES;
				CLANG_WARN_STRICT_PROTOTYPES = YES;
				CLANG_WARN_SUSPICIOUS_MOVE = YES;
				CLANG_WARN_UNGUARDED_AVAILABILITY = YES_AGGRESSIVE;
				CLANG_WARN_UNREACHABLE_CODE = YES;
				CLANG_WARN__DUPLICATE_METHOD_MATCH = YES;
				COPY_PHASE_STRIP = NO;
				DEBUG_INFORMATION_FORMAT = "dwarf-with-dsym";
				ENABLE_NS_ASSERTIONS = NO;
				ENABLE_STRICT_OBJC_MSGSEND = YES;
				ENABLE_USER_SCRIPT_SANDBOXING = YES;
				GCC_C_LANGUAGE_STANDARD = gnu17;
				GCC_NO_COMMON_BLOCKS = YES;
				GCC_WARN_64_TO_32_BIT_CONVERSION = YES;
				GCC_WARN_ABOUT_RETURN_TYPE = YES_ERROR;
				GCC_WARN_UNDECLARED_SELECTOR = YES;
				GCC_WARN_UNINITIALIZED_AUTOS = YES_AGGRESSIVE;
				GCC_WARN_UNUSED_FUNCTION = YES;
				GCC_WARN_UNUSED_VARIABLE = YES;
				IPHONEOS_DEPLOYMENT_TARGET = 17.5;
				LOCALIZATION_PREFERS_STRING_CATALOGS = YES;
				MTL_ENABLE_DEBUG_INFO = NO;
				MTL_FAST_MATH = YES;
				SDKROOT = iphoneos;
				SWIFT_COMPILATION_MODE = wholemodule;
				VALIDATE_PRODUCT = YES;
			};
			name = Release;
		};
		0D136D942C8127280066E64E /* Debug */ = {
			isa = XCBuildConfiguration;
			buildSettings = {
				ASSETCATALOG_COMPILER_APPICON_NAME = AppIcon;
				ASSETCATALOG_COMPILER_GLOBAL_ACCENT_COLOR_NAME = AccentColor;
				CODE_SIGN_STYLE = Automatic;
				CURRENT_PROJECT_VERSION = 1;
				DEVELOPMENT_ASSET_PATHS = "\"ProjectMam/Preview Content\"";
				ENABLE_PREVIEWS = YES;
				GENERATE_INFOPLIST_FILE = YES;
				INFOPLIST_KEY_UIApplicationSceneManifest_Generation = YES;
				INFOPLIST_KEY_UIApplicationSupportsIndirectInputEvents = YES;
				INFOPLIST_KEY_UILaunchScreen_Generation = YES;
				INFOPLIST_KEY_UISupportedInterfaceOrientations_iPad = "UIInterfaceOrientationPortrait UIInterfaceOrientationPortraitUpsideDown UIInterfaceOrientationLandscapeLeft UIInterfaceOrientationLandscapeRight";
				INFOPLIST_KEY_UISupportedInterfaceOrientations_iPhone = "UIInterfaceOrientationPortrait UIInterfaceOrientationLandscapeLeft UIInterfaceOrientationLandscapeRight";
				LD_RUNPATH_SEARCH_PATHS = (
					"$(inherited)",
					"@executable_path/Frameworks",
				);
				MARKETING_VERSION = 1.0;
				PRODUCT_BUNDLE_IDENTIFIER = unach.ProjectMam;
				PRODUCT_NAME = "$(TARGET_NAME)";
				SWIFT_EMIT_LOC_STRINGS = YES;
				SWIFT_VERSION = 5.0;
				TARGETED_DEVICE_FAMILY = "1,2";
			};
			name = Debug;
		};
		0D136D952C8127280066E64E /* Release */ = {
			isa = XCBuildConfiguration;
			buildSettings = {
				ASSETCATALOG_COMPILER_APPICON_NAME = AppIcon;
				ASSETCATALOG_COMPILER_GLOBAL_ACCENT_COLOR_NAME = AccentColor;
				CODE_SIGN_STYLE = Automatic;
				CURRENT_PROJECT_VERSION = 1;
				DEVELOPMENT_ASSET_PATHS = "\"ProjectMam/Preview Content\"";
				ENABLE_PREVIEWS = YES;
				GENERATE_INFOPLIST_FILE = YES;
				INFOPLIST_KEY_UIApplicationSceneManifest_Generation = YES;
				INFOPLIST_KEY_UIApplicationSupportsIndirectInputEvents = YES;
				INFOPLIST_KEY_UILaunchScreen_Generation = YES;
				INFOPLIST_KEY_UISupportedInterfaceOrientations_iPad = "UIInterfaceOrientationPortrait UIInterfaceOrientationPortraitUpsideDown UIInterfaceOrientationLandscapeLeft UIInterfaceOrientationLandscapeRight";
				INFOPLIST_KEY_UISupportedInterfaceOrientations_iPhone = "UIInterfaceOrientationPortrait UIInterfaceOrientationLandscapeLeft UIInterfaceOrientationLandscapeRight";
				LD_RUNPATH_SEARCH_PATHS = (
					"$(inherited)",
					"@executable_path/Frameworks",
				);
				MARKETING_VERSION = 1.0;
				PRODUCT_BUNDLE_IDENTIFIER = unach.ProjectMam;
				PRODUCT_NAME = "$(TARGET_NAME)";
				SWIFT_EMIT_LOC_STRINGS = YES;
				SWIFT_VERSION = 5.0;
				TARGETED_DEVICE_FAMILY = "1,2";
			};
			name = Release;
		};
		0D136D972C8127280066E64E /* Debug */ = {
			isa = XCBuildConfiguration;
			buildSettings = {
				ALWAYS_EMBED_SWIFT_STANDARD_LIBRARIES = YES;
				BUNDLE_LOADER = "$(TEST_HOST)";
				CODE_SIGN_STYLE = Automatic;
				CURRENT_PROJECT_VERSION = 1;
				GENERATE_INFOPLIST_FILE = YES;
				IPHONEOS_DEPLOYMENT_TARGET = 17.5;
				MARKETING_VERSION = 1.0;
				PRODUCT_BUNDLE_IDENTIFIER = unach.ProjectMamTests;
				PRODUCT_NAME = "$(TARGET_NAME)";
				SWIFT_EMIT_LOC_STRINGS = NO;
				SWIFT_VERSION = 5.0;
				TARGETED_DEVICE_FAMILY = "1,2";
				TEST_HOST = "$(BUILT_PRODUCTS_DIR)/ProjectMam.app/$(BUNDLE_EXECUTABLE_FOLDER_PATH)/ProjectMam";
			};
			name = Debug;
		};
		0D136D982C8127280066E64E /* Release */ = {
			isa = XCBuildConfiguration;
			buildSettings = {
				ALWAYS_EMBED_SWIFT_STANDARD_LIBRARIES = YES;
				BUNDLE_LOADER = "$(TEST_HOST)";
				CODE_SIGN_STYLE = Automatic;
				CURRENT_PROJECT_VERSION = 1;
				GENERATE_INFOPLIST_FILE = YES;
				IPHONEOS_DEPLOYMENT_TARGET = 17.5;
				MARKETING_VERSION = 1.0;
				PRODUCT_BUNDLE_IDENTIFIER = unach.ProjectMamTests;
				PRODUCT_NAME = "$(TARGET_NAME)";
				SWIFT_EMIT_LOC_STRINGS = NO;
				SWIFT_VERSION = 5.0;
				TARGETED_DEVICE_FAMILY = "1,2";
				TEST_HOST = "$(BUILT_PRODUCTS_DIR)/ProjectMam.app/$(BUNDLE_EXECUTABLE_FOLDER_PATH)/ProjectMam";
			};
			name = Release;
		};
		0D136D9A2C8127280066E64E /* Debug */ = {
			isa = XCBuildConfiguration;
			buildSettings = {
				ALWAYS_EMBED_SWIFT_STANDARD_LIBRARIES = YES;
				CODE_SIGN_STYLE = Automatic;
				CURRENT_PROJECT_VERSION = 1;
				GENERATE_INFOPLIST_FILE = YES;
				MARKETING_VERSION = 1.0;
				PRODUCT_BUNDLE_IDENTIFIER = unach.ProjectMamUITests;
				PRODUCT_NAME = "$(TARGET_NAME)";
				SWIFT_EMIT_LOC_STRINGS = NO;
				SWIFT_VERSION = 5.0;
				TARGETED_DEVICE_FAMILY = "1,2";
				TEST_TARGET_NAME = ProjectMam;
			};
			name = Debug;
		};
		0D136D9B2C8127280066E64E /* Release */ = {
			isa = XCBuildConfiguration;
			buildSettings = {
				ALWAYS_EMBED_SWIFT_STANDARD_LIBRARIES = YES;
				CODE_SIGN_STYLE = Automatic;
				CURRENT_PROJECT_VERSION = 1;
				GENERATE_INFOPLIST_FILE = YES;
				MARKETING_VERSION = 1.0;
				PRODUCT_BUNDLE_IDENTIFIER = unach.ProjectMamUITests;
				PRODUCT_NAME = "$(TARGET_NAME)";
				SWIFT_EMIT_LOC_STRINGS = NO;
				SWIFT_VERSION = 5.0;
				TARGETED_DEVICE_FAMILY = "1,2";
				TEST_TARGET_NAME = ProjectMam;
			};
			name = Release;
		};
/* End XCBuildConfiguration section */

/* Begin XCConfigurationList section */
		0D136D6A2C8127270066E64E /* Build configuration list for PBXProject "ProjectMam" */ = {
			isa = XCConfigurationList;
			buildConfigurations = (
				0D136D912C8127280066E64E /* Debug */,
				0D136D922C8127280066E64E /* Release */,
			);
			defaultConfigurationIsVisible = 0;
			defaultConfigurationName = Release;
		};
		0D136D932C8127280066E64E /* Build configuration list for PBXNativeTarget "ProjectMam" */ = {
			isa = XCConfigurationList;
			buildConfigurations = (
				0D136D942C8127280066E64E /* Debug */,
				0D136D952C8127280066E64E /* Release */,
			);
			defaultConfigurationIsVisible = 0;
			defaultConfigurationName = Release;
		};
		0D136D962C8127280066E64E /* Build configuration list for PBXNativeTarget "ProjectMamTests" */ = {
			isa = XCConfigurationList;
			buildConfigurations = (
				0D136D972C8127280066E64E /* Debug */,
				0D136D982C8127280066E64E /* Release */,
			);
			defaultConfigurationIsVisible = 0;
			defaultConfigurationName = Release;
		};
		0D136D992C8127280066E64E /* Build configuration list for PBXNativeTarget "ProjectMamUITests" */ = {
			isa = XCConfigurationList;
			buildConfigurations = (
				0D136D9A2C8127280066E64E /* Debug */,
				0D136D9B2C8127280066E64E /* Release */,
			);
			defaultConfigurationIsVisible = 0;
			defaultConfigurationName = Release;
		};
/* End XCConfigurationList section */
	};
	rootObject = 0D136D672C8127270066E64E /* Project object */;
}
